
Microsoft Visual Studio Solution File, Format Version 12.00
# Visual Studio Version 16
VisualStudioVersion = 16.0.31112.23
MinimumVisualStudioVersion = 10.0.40219.1
Project("{9A19103F-16F7-4668-BE54-9A1E7A4F7556}") = "OdonSysBackEnd", "OdonSysBackEnd\OdonSysBackEnd.csproj", "{A281C1E4-CD7B-4085-9596-EE0DB84B9CCF}"
EndProject
Project("{2150E333-8FDC-42A3-9474-1A3956D46DE8}") = "Access", "Access", "{15528C3F-7D2C-4002-B104-DDD7889F507F}"
EndProject
Project("{2150E333-8FDC-42A3-9474-1A3956D46DE8}") = "Resource", "Resource", "{09B40C32-41AF-404F-A496-A59F36459F78}"
EndProject
Project("{2150E333-8FDC-42A3-9474-1A3956D46DE8}") = "Host", "Host", "{2C388A67-BEF0-4504-BD41-7630B8D28249}"
EndProject
Project("{9A19103F-16F7-4668-BE54-9A1E7A4F7556}") = "Manager.Admin", "ClassLibrary1\Manager.Admin.csproj", "{D1D2F448-0AC4-4B69-822E-C98001CB1063}"
EndProject
Project("{9A19103F-16F7-4668-BE54-9A1E7A4F7556}") = "Resources.Contract", "Resources.Contract\Resources.Contract.csproj", "{A510BF51-2825-4E3D-AC7C-5E081275D066}"
EndProject
Project("{9A19103F-16F7-4668-BE54-9A1E7A4F7556}") = "Sql", "Sql\Sql.csproj", "{D1355E7B-925A-473B-9AFF-7EEF34A0C0BE}"
EndProject
Project("{9A19103F-16F7-4668-BE54-9A1E7A4F7556}") = "Access.Admin", "Access.Admin\Access.Admin.csproj", "{537B6004-F9CC-44D7-A464-D424B7B6D2DB}"
EndProject
Project("{9A19103F-16F7-4668-BE54-9A1E7A4F7556}") = "Utilities", "Utilities\Utilities.csproj", "{9059BE82-AFBC-4C2F-A1D3-08D08FFE4996}"
EndProject
Project("{2150E333-8FDC-42A3-9474-1A3956D46DE8}") = "Manager", "Manager", "{789D73DB-E7E3-4B50-BC4F-9FE202A79DDA}"
EndProject
Project("{2150E333-8FDC-42A3-9474-1A3956D46DE8}") = "Contract", "Contract", "{5F279DC7-BA7B-49FA-9603-F794E41933AB}"
EndProject
Project("{9A19103F-16F7-4668-BE54-9A1E7A4F7556}") = "Access.Contract", "Access.Contract\Access.Contract.csproj", "{F14BF329-FF13-4D11-887E-57DDF67B3B0D}"
EndProject
Global
	GlobalSection(SolutionConfigurationPlatforms) = preSolution
		Debug|Any CPU = Debug|Any CPU
		Release|Any CPU = Release|Any CPU
	EndGlobalSection
	GlobalSection(ProjectConfigurationPlatforms) = postSolution
		{A281C1E4-CD7B-4085-9596-EE0DB84B9CCF}.Debug|Any CPU.ActiveCfg = Debug|Any CPU
		{A281C1E4-CD7B-4085-9596-EE0DB84B9CCF}.Debug|Any CPU.Build.0 = Debug|Any CPU
		{A281C1E4-CD7B-4085-9596-EE0DB84B9CCF}.Release|Any CPU.ActiveCfg = Release|Any CPU
		{A281C1E4-CD7B-4085-9596-EE0DB84B9CCF}.Release|Any CPU.Build.0 = Release|Any CPU
		{D1D2F448-0AC4-4B69-822E-C98001CB1063}.Debug|Any CPU.ActiveCfg = Debug|Any CPU
		{D1D2F448-0AC4-4B69-822E-C98001CB1063}.Debug|Any CPU.Build.0 = Debug|Any CPU
		{D1D2F448-0AC4-4B69-822E-C98001CB1063}.Release|Any CPU.ActiveCfg = Release|Any CPU
		{D1D2F448-0AC4-4B69-822E-C98001CB1063}.Release|Any CPU.Build.0 = Release|Any CPU
		{A510BF51-2825-4E3D-AC7C-5E081275D066}.Debug|Any CPU.ActiveCfg = Debug|Any CPU
		{A510BF51-2825-4E3D-AC7C-5E081275D066}.Debug|Any CPU.Build.0 = Debug|Any CPU
		{A510BF51-2825-4E3D-AC7C-5E081275D066}.Release|Any CPU.ActiveCfg = Release|Any CPU
		{A510BF51-2825-4E3D-AC7C-5E081275D066}.Release|Any CPU.Build.0 = Release|Any CPU
		{D1355E7B-925A-473B-9AFF-7EEF34A0C0BE}.Debug|Any CPU.ActiveCfg = Debug|Any CPU
		{D1355E7B-925A-473B-9AFF-7EEF34A0C0BE}.Debug|Any CPU.Build.0 = Debug|Any CPU
		{D1355E7B-925A-473B-9AFF-7EEF34A0C0BE}.Release|Any CPU.ActiveCfg = Release|Any CPU
		{D1355E7B-925A-473B-9AFF-7EEF34A0C0BE}.Release|Any CPU.Build.0 = Release|Any CPU
		{537B6004-F9CC-44D7-A464-D424B7B6D2DB}.Debug|Any CPU.ActiveCfg = Debug|Any CPU
		{537B6004-F9CC-44D7-A464-D424B7B6D2DB}.Debug|Any CPU.Build.0 = Debug|Any CPU
		{537B6004-F9CC-44D7-A464-D424B7B6D2DB}.Release|Any CPU.ActiveCfg = Release|Any CPU
		{537B6004-F9CC-44D7-A464-D424B7B6D2DB}.Release|Any CPU.Build.0 = Release|Any CPU
		{9059BE82-AFBC-4C2F-A1D3-08D08FFE4996}.Debug|Any CPU.ActiveCfg = Debug|Any CPU
		{9059BE82-AFBC-4C2F-A1D3-08D08FFE4996}.Debug|Any CPU.Build.0 = Debug|Any CPU
		{9059BE82-AFBC-4C2F-A1D3-08D08FFE4996}.Release|Any CPU.ActiveCfg = Release|Any CPU
		{9059BE82-AFBC-4C2F-A1D3-08D08FFE4996}.Release|Any CPU.Build.0 = Release|Any CPU
		{F14BF329-FF13-4D11-887E-57DDF67B3B0D}.Debug|Any CPU.ActiveCfg = Debug|Any CPU
		{F14BF329-FF13-4D11-887E-57DDF67B3B0D}.Debug|Any CPU.Build.0 = Debug|Any CPU
		{F14BF329-FF13-4D11-887E-57DDF67B3B0D}.Release|Any CPU.ActiveCfg = Release|Any CPU
		{F14BF329-FF13-4D11-887E-57DDF67B3B0D}.Release|Any CPU.Build.0 = Release|Any CPU
	EndGlobalSection
	GlobalSection(SolutionProperties) = preSolution
		HideSolutionNode = FALSE
	EndGlobalSection
	GlobalSection(NestedProjects) = preSolution
		{A281C1E4-CD7B-4085-9596-EE0DB84B9CCF} = {2C388A67-BEF0-4504-BD41-7630B8D28249}
		{D1D2F448-0AC4-4B69-822E-C98001CB1063} = {789D73DB-E7E3-4B50-BC4F-9FE202A79DDA}
		{A510BF51-2825-4E3D-AC7C-5E081275D066} = {5F279DC7-BA7B-49FA-9603-F794E41933AB}
		{D1355E7B-925A-473B-9AFF-7EEF34A0C0BE} = {15528C3F-7D2C-4002-B104-DDD7889F507F}
		{537B6004-F9CC-44D7-A464-D424B7B6D2DB} = {15528C3F-7D2C-4002-B104-DDD7889F507F}
		{789D73DB-E7E3-4B50-BC4F-9FE202A79DDA} = {09B40C32-41AF-404F-A496-A59F36459F78}
		{5F279DC7-BA7B-49FA-9603-F794E41933AB} = {09B40C32-41AF-404F-A496-A59F36459F78}
		{F14BF329-FF13-4D11-887E-57DDF67B3B0D} = {15528C3F-7D2C-4002-B104-DDD7889F507F}
	EndGlobalSection
	GlobalSection(ExtensibilityGlobals) = postSolution
		SolutionGuid = {843D313E-18CF-4719-89C6-3525B4DCAA42}
	EndGlobalSection
EndGlobal
